
Microsoft Visual Studio Solution File, Format Version 12.00
# Visual Studio Version 17
VisualStudioVersion = 17.13.35919.96 d17.13
MinimumVisualStudioVersion = 10.0.40219.1
Project("{FAE04EC0-301F-11D3-BF4B-00C04F79EFBC}") = "LeaveManagementSystem.Web", "LeaveManagementSystem.Web\LeaveManagementSystem.Web.csproj", "{4F9DAE10-28FF-4716-84D1-0BFFAC912C81}"
EndProject
Global
	GlobalSection(SolutionConfigurationPlatforms) = preSolution
		Debug|Any CPU = Debug|Any CPU
		Release|Any CPU = Release|Any CPU
	EndGlobalSection
	GlobalSection(ProjectConfigurationPlatforms) = postSolution
		{4F9DAE10-28FF-4716-84D1-0BFFAC912C81}.Debug|Any CPU.ActiveCfg = Debug|Any CPU
		{4F9DAE10-28FF-4716-84D1-0BFFAC912C81}.Debug|Any CPU.Build.0 = Debug|Any CPU
		{4F9DAE10-28FF-4716-84D1-0BFFAC912C81}.Release|Any CPU.ActiveCfg = Release|Any CPU
		{4F9DAE10-28FF-4716-84D1-0BFFAC912C81}.Release|Any CPU.Build.0 = Release|Any CPU
	EndGlobalSection
	GlobalSection(SolutionProperties) = preSolution
		HideSolutionNode = FALSE
	EndGlobalSection
	GlobalSection(ExtensibilityGlobals) = postSolution
		SolutionGuid = {A4DB30BB-CF68-47A9-B5BE-C252F2378E6A}
	EndGlobalSection
EndGlobal
